// !$*UTF8*$!
{
	archiveVersion = 1;
	classes = {
	};
	objectVersion = 56;
	objects = {

/* Begin PBXBuildFile section */
		A25A90D12C29D550005C3DC2 /* AppDelegate.swift in Sources */ = {isa = PBXBuildFile; fileRef = A25A90D02C29D550005C3DC2 /* AppDelegate.swift */; };
		A25A90D52C29D550005C3DC2 /* PhotosListViewController.swift in Sources */ = {isa = PBXBuildFile; fileRef = A25A90D42C29D550005C3DC2 /* PhotosListViewController.swift */; };
		A25A90DA2C29D552005C3DC2 /* Assets.xcassets in Resources */ = {isa = PBXBuildFile; fileRef = A25A90D92C29D552005C3DC2 /* Assets.xcassets */; };
		A25A90DD2C29D552005C3DC2 /* Base in Resources */ = {isa = PBXBuildFile; fileRef = A25A90DC2C29D552005C3DC2 /* Base */; };
		A25A90E52C29DC7C005C3DC2 /* PhotosListView.swift in Sources */ = {isa = PBXBuildFile; fileRef = A25A90E42C29DC7C005C3DC2 /* PhotosListView.swift */; };
		A25A90E72C29DFD2005C3DC2 /* PhotoTableViewCell.swift in Sources */ = {isa = PBXBuildFile; fileRef = A25A90E62C29DFD2005C3DC2 /* PhotoTableViewCell.swift */; };
		A25A90E92C29ED82005C3DC2 /* Photo.swift in Sources */ = {isa = PBXBuildFile; fileRef = A25A90E82C29ED82005C3DC2 /* Photo.swift */; };
		A25A90EB2C29EDF3005C3DC2 /* PhotosService.swift in Sources */ = {isa = PBXBuildFile; fileRef = A25A90EA2C29EDF3005C3DC2 /* PhotosService.swift */; };
		A25A90F12C29F948005C3DC2 /* PhotosListView_ViewModel.swift in Sources */ = {isa = PBXBuildFile; fileRef = A25A90F02C29F948005C3DC2 /* PhotosListView_ViewModel.swift */; };
		A2ED76892C2AEA0F00BBE64A /* PhotoTableViewCell_ViewModel.swift in Sources */ = {isa = PBXBuildFile; fileRef = A2ED76882C2AEA0F00BBE64A /* PhotoTableViewCell_ViewModel.swift */; };
/* End PBXBuildFile section */

/* Begin PBXFileReference section */
		A25A90CD2C29D550005C3DC2 /* LoremPicsum.app */ = {isa = PBXFileReference; explicitFileType = wrapper.application; includeInIndex = 0; path = LoremPicsum.app; sourceTree = BUILT_PRODUCTS_DIR; };
		A25A90D02C29D550005C3DC2 /* AppDelegate.swift */ = {isa = PBXFileReference; lastKnownFileType = sourcecode.swift; path = AppDelegate.swift; sourceTree = "<group>"; };
		A25A90D42C29D550005C3DC2 /* PhotosListViewController.swift */ = {isa = PBXFileReference; lastKnownFileType = sourcecode.swift; path = PhotosListViewController.swift; sourceTree = "<group>"; };
		A25A90D92C29D552005C3DC2 /* Assets.xcassets */ = {isa = PBXFileReference; lastKnownFileType = folder.assetcatalog; path = Assets.xcassets; sourceTree = "<group>"; };
		A25A90DC2C29D552005C3DC2 /* Base */ = {isa = PBXFileReference; lastKnownFileType = file.storyboard; name = Base; path = Base.lproj/LaunchScreen.storyboard; sourceTree = "<group>"; };
		A25A90DE2C29D552005C3DC2 /* Info.plist */ = {isa = PBXFileReference; lastKnownFileType = text.plist.xml; path = Info.plist; sourceTree = "<group>"; };
		A25A90E42C29DC7C005C3DC2 /* PhotosListView.swift */ = {isa = PBXFileReference; lastKnownFileType = sourcecode.swift; path = PhotosListView.swift; sourceTree = "<group>"; };
		A25A90E62C29DFD2005C3DC2 /* PhotoTableViewCell.swift */ = {isa = PBXFileReference; lastKnownFileType = sourcecode.swift; path = PhotoTableViewCell.swift; sourceTree = "<group>"; };
		A25A90E82C29ED82005C3DC2 /* Photo.swift */ = {isa = PBXFileReference; lastKnownFileType = sourcecode.swift; path = Photo.swift; sourceTree = "<group>"; };
		A25A90EA2C29EDF3005C3DC2 /* PhotosService.swift */ = {isa = PBXFileReference; lastKnownFileType = sourcecode.swift; path = PhotosService.swift; sourceTree = "<group>"; };
		A25A90F02C29F948005C3DC2 /* PhotosListView_ViewModel.swift */ = {isa = PBXFileReference; lastKnownFileType = sourcecode.swift; path = PhotosListView_ViewModel.swift; sourceTree = "<group>"; };
		A2ED76882C2AEA0F00BBE64A /* PhotoTableViewCell_ViewModel.swift */ = {isa = PBXFileReference; lastKnownFileType = sourcecode.swift; path = PhotoTableViewCell_ViewModel.swift; sourceTree = "<group>"; };
/* End PBXFileReference section */

/* Begin PBXFrameworksBuildPhase section */
		A25A90CA2C29D550005C3DC2 /* Frameworks */ = {
			isa = PBXFrameworksBuildPhase;
			buildActionMask = 2147483647;
			files = (
			);
			runOnlyForDeploymentPostprocessing = 0;
		};
/* End PBXFrameworksBuildPhase section */

/* Begin PBXGroup section */
		A25A90C42C29D550005C3DC2 = {
			isa = PBXGroup;
			children = (
				A25A90CF2C29D550005C3DC2 /* LoremPicsum */,
				A25A90CE2C29D550005C3DC2 /* Products */,
			);
			sourceTree = "<group>";
		};
		A25A90CE2C29D550005C3DC2 /* Products */ = {
			isa = PBXGroup;
			children = (
				A25A90CD2C29D550005C3DC2 /* LoremPicsum.app */,
			);
			name = Products;
			sourceTree = "<group>";
		};
		A25A90CF2C29D550005C3DC2 /* LoremPicsum */ = {
			isa = PBXGroup;
			children = (
				A25A90D02C29D550005C3DC2 /* AppDelegate.swift */,
				A25A90D42C29D550005C3DC2 /* PhotosListViewController.swift */,
				A25A90E42C29DC7C005C3DC2 /* PhotosListView.swift */,
				A25A90F02C29F948005C3DC2 /* PhotosListView_ViewModel.swift */,
				A25A90E62C29DFD2005C3DC2 /* PhotoTableViewCell.swift */,
				A2ED76882C2AEA0F00BBE64A /* PhotoTableViewCell_ViewModel.swift */,
				A25A90E82C29ED82005C3DC2 /* Photo.swift */,
				A25A90EA2C29EDF3005C3DC2 /* PhotosService.swift */,
				A25A90D92C29D552005C3DC2 /* Assets.xcassets */,
				A25A90DB2C29D552005C3DC2 /* LaunchScreen.storyboard */,
				A25A90DE2C29D552005C3DC2 /* Info.plist */,
			);
			path = LoremPicsum;
			sourceTree = "<group>";
		};
/* End PBXGroup section */

/* Begin PBXNativeTarget section */
		A25A90CC2C29D550005C3DC2 /* LoremPicsum */ = {
			isa = PBXNativeTarget;
			buildConfigurationList = A25A90E12C29D552005C3DC2 /* Build configuration list for PBXNativeTarget "LoremPicsum" */;
			buildPhases = (
				A25A90C92C29D550005C3DC2 /* Sources */,
				A25A90CA2C29D550005C3DC2 /* Frameworks */,
				A25A90CB2C29D550005C3DC2 /* Resources */,
			);
			buildRules = (
			);
			dependencies = (
			);
			name = LoremPicsum;
			productName = LoremPicsum;
			productReference = A25A90CD2C29D550005C3DC2 /* LoremPicsum.app */;
			productType = "com.apple.product-type.application";
		};
/* End PBXNativeTarget section */

/* Begin PBXProject section */
		A25A90C52C29D550005C3DC2 /* Project object */ = {
			isa = PBXProject;
			attributes = {
				BuildIndependentTargetsInParallel = 1;
				LastSwiftUpdateCheck = 1530;
				LastUpgradeCheck = 1530;
				TargetAttributes = {
					A25A90CC2C29D550005C3DC2 = {
						CreatedOnToolsVersion = 15.3;
					};
				};
			};
			buildConfigurationList = A25A90C82C29D550005C3DC2 /* Build configuration list for PBXProject "LoremPicsum" */;
			compatibilityVersion = "Xcode 14.0";
			developmentRegion = en;
			hasScannedForEncodings = 0;
			knownRegions = (
				en,
				Base,
			);
			mainGroup = A25A90C42C29D550005C3DC2;
			productRefGroup = A25A90CE2C29D550005C3DC2 /* Products */;
			projectDirPath = "";
			projectRoot = "";
			targets = (
				A25A90CC2C29D550005C3DC2 /* LoremPicsum */,
			);
		};
/* End PBXProject section */

/* Begin PBXResourcesBuildPhase section */
		A25A90CB2C29D550005C3DC2 /* Resources */ = {
			isa = PBXResourcesBuildPhase;
			buildActionMask = 2147483647;
			files = (
				A25A90DA2C29D552005C3DC2 /* Assets.xcassets in Resources */,
				A25A90DD2C29D552005C3DC2 /* Base in Resources */,
			);
			runOnlyForDeploymentPostprocessing = 0;
		};
/* End PBXResourcesBuildPhase section */

/* Begin PBXSourcesBuildPhase section */
		A25A90C92C29D550005C3DC2 /* Sources */ = {
			isa = PBXSourcesBuildPhase;
			buildActionMask = 2147483647;
			files = (
				A25A90E72C29DFD2005C3DC2 /* PhotoTableViewCell.swift in Sources */,
				A2ED76892C2AEA0F00BBE64A /* PhotoTableViewCell_ViewModel.swift in Sources */,
				A25A90D52C29D550005C3DC2 /* PhotosListViewController.swift in Sources */,
				A25A90E52C29DC7C005C3DC2 /* PhotosListView.swift in Sources */,
				A25A90D12C29D550005C3DC2 /* AppDelegate.swift in Sources */,
				A25A90EB2C29EDF3005C3DC2 /* PhotosService.swift in Sources */,
				A25A90E92C29ED82005C3DC2 /* Photo.swift in Sources */,
				A25A90F12C29F948005C3DC2 /* PhotosListView_ViewModel.swift in Sources */,
			);
			runOnlyForDeploymentPostprocessing = 0;
		};
/* End PBXSourcesBuildPhase section */

/* Begin PBXVariantGroup section */
		A25A90DB2C29D552005C3DC2 /* LaunchScreen.storyboard */ = {
			isa = PBXVariantGroup;
			children = (
				A25A90DC2C29D552005C3DC2 /* Base */,
			);
			name = LaunchScreen.storyboard;
			sourceTree = "<group>";
		};
/* End PBXVariantGroup section */

/* Begin XCBuildConfiguration section */
		A25A90DF2C29D552005C3DC2 /* Debug */ = {
			isa = XCBuildConfiguration;
			buildSettings = {
				ALWAYS_SEARCH_USER_PATHS = NO;
				ASSETCATALOG_COMPILER_GENERATE_SWIFT_ASSET_SYMBOL_EXTENSIONS = YES;
				CLANG_ANALYZER_NONNULL = YES;
				CLANG_ANALYZER_NUMBER_OBJECT_CONVERSION = YES_AGGRESSIVE;
				CLANG_CXX_LANGUAGE_STANDARD = "gnu++20";
				CLANG_ENABLE_MODULES = YES;
				CLANG_ENABLE_OBJC_ARC = YES;
				CLANG_ENABLE_OBJC_WEAK = YES;
				CLANG_WARN_BLOCK_CAPTURE_AUTORELEASING = YES;
				CLANG_WARN_BOOL_CONVERSION = YES;
				CLANG_WARN_COMMA = YES;
				CLANG_WARN_CONSTANT_CONVERSION = YES;
				CLANG_WARN_DEPRECATED_OBJC_IMPLEMENTATIONS = YES;
				CLANG_WARN_DIRECT_OBJC_ISA_USAGE = YES_ERROR;
				CLANG_WARN_DOCUMENTATION_COMMENTS = YES;
				CLANG_WARN_EMPTY_BODY = YES;
				CLANG_WARN_ENUM_CONVERSION = YES;
				CLANG_WARN_INFINITE_RECURSION = YES;
				CLANG_WARN_INT_CONVERSION = YES;
				CLANG_WARN_NON_LITERAL_NULL_CONVERSION = YES;
				CLANG_WARN_OBJC_IMPLICIT_RETAIN_SELF = YES;
				CLANG_WARN_OBJC_LITERAL_CONVERSION = YES;
				CLANG_WARN_OBJC_ROOT_CLASS = YES_ERROR;
				CLANG_WARN_QUOTED_INCLUDE_IN_FRAMEWORK_HEADER = YES;
				CLANG_WARN_RANGE_LOOP_ANALYSIS = YES;
				CLANG_WARN_STRICT_PROTOTYPES = YES;
				CLANG_WARN_SUSPICIOUS_MOVE = YES;
				CLANG_WARN_UNGUARDED_AVAILABILITY = YES_AGGRESSIVE;
				CLANG_WARN_UNREACHABLE_CODE = YES;
				CLANG_WARN__DUPLICATE_METHOD_MATCH = YES;
				COPY_PHASE_STRIP = NO;
				DEBUG_INFORMATION_FORMAT = dwarf;
				ENABLE_STRICT_OBJC_MSGSEND = YES;
				ENABLE_TESTABILITY = YES;
				ENABLE_USER_SCRIPT_SANDBOXING = YES;
				GCC_C_LANGUAGE_STANDARD = gnu17;
				GCC_DYNAMIC_NO_PIC = NO;
				GCC_NO_COMMON_BLOCKS = YES;
				GCC_OPTIMIZATION_LEVEL = 0;
				GCC_PREPROCESSOR_DEFINITIONS = (
					"DEBUG=1",
					"$(inherited)",
				);
				GCC_WARN_64_TO_32_BIT_CONVERSION = YES;
				GCC_WARN_ABOUT_RETURN_TYPE = YES_ERROR;
				GCC_WARN_UNDECLARED_SELECTOR = YES;
				GCC_WARN_UNINITIALIZED_AUTOS = YES_AGGRESSIVE;
				GCC_WARN_UNUSED_FUNCTION = YES;
				GCC_WARN_UNUSED_VARIABLE = YES;
				IPHONEOS_DEPLOYMENT_TARGET = 17.4;
				LOCALIZATION_PREFERS_STRING_CATALOGS = YES;
				MTL_ENABLE_DEBUG_INFO = INCLUDE_SOURCE;
				MTL_FAST_MATH = YES;
				ONLY_ACTIVE_ARCH = YES;
				SDKROOT = iphoneos;
				SWIFT_ACTIVE_COMPILATION_CONDITIONS = "DEBUG $(inherited)";
				SWIFT_OPTIMIZATION_LEVEL = "-Onone";
			};
			name = Debug;
		};
		A25A90E02C29D552005C3DC2 /* Release */ = {
			isa = XCBuildConfiguration;
			buildSettings = {
				ALWAYS_SEARCH_USER_PATHS = NO;
				ASSETCATALOG_COMPILER_GENERATE_SWIFT_ASSET_SYMBOL_EXTENSIONS = YES;
				CLANG_ANALYZER_NONNULL = YES;
				CLANG_ANALYZER_NUMBER_OBJECT_CONVERSION = YES_AGGRESSIVE;
				CLANG_CXX_LANGUAGE_STANDARD = "gnu++20";
				CLANG_ENABLE_MODULES = YES;
				CLANG_ENABLE_OBJC_ARC = YES;
				CLANG_ENABLE_OBJC_WEAK = YES;
				CLANG_WARN_BLOCK_CAPTURE_AUTORELEASING = YES;
				CLANG_WARN_BOOL_CONVERSION = YES;
				CLANG_WARN_COMMA = YES;
				CLANG_WARN_CONSTANT_CONVERSION = YES;
				CLANG_WARN_DEPRECATED_OBJC_IMPLEMENTATIONS = YES;
				CLANG_WARN_DIRECT_OBJC_ISA_USAGE = YES_ERROR;
				CLANG_WARN_DOCUMENTATION_COMMENTS = YES;
				CLANG_WARN_EMPTY_BODY = YES;
				CLANG_WARN_ENUM_CONVERSION = YES;
				CLANG_WARN_INFINITE_RECURSION = YES;
				CLANG_WARN_INT_CONVERSION = YES;
				CLANG_WARN_NON_LITERAL_NULL_CONVERSION = YES;
				CLANG_WARN_OBJC_IMPLICIT_RETAIN_SELF = YES;
				CLANG_WARN_OBJC_LITERAL_CONVERSION = YES;
				CLANG_WARN_OBJC_ROOT_CLASS = YES_ERROR;
				CLANG_WARN_QUOTED_INCLUDE_IN_FRAMEWORK_HEADER = YES;
				CLANG_WARN_RANGE_LOOP_ANALYSIS = YES;
				CLANG_WARN_STRICT_PROTOTYPES = YES;
				CLANG_WARN_SUSPICIOUS_MOVE = YES;
				CLANG_WARN_UNGUARDED_AVAILABILITY = YES_AGGRESSIVE;
				CLANG_WARN_UNREACHABLE_CODE = YES;
				CLANG_WARN__DUPLICATE_METHOD_MATCH = YES;
				COPY_PHASE_STRIP = NO;
				DEBUG_INFORMATION_FORMAT = "dwarf-with-dsym";
				ENABLE_NS_ASSERTIONS = NO;
				ENABLE_STRICT_OBJC_MSGSEND = YES;
				ENABLE_USER_SCRIPT_SANDBOXING = YES;
				GCC_C_LANGUAGE_STANDARD = gnu17;
				GCC_NO_COMMON_BLOCKS = YES;
				GCC_WARN_64_TO_32_BIT_CONVERSION = YES;
				GCC_WARN_ABOUT_RETURN_TYPE = YES_ERROR;
				GCC_WARN_UNDECLARED_SELECTOR = YES;
				GCC_WARN_UNINITIALIZED_AUTOS = YES_AGGRESSIVE;
				GCC_WARN_UNUSED_FUNCTION = YES;
				GCC_WARN_UNUSED_VARIABLE = YES;
				IPHONEOS_DEPLOYMENT_TARGET = 17.4;
				LOCALIZATION_PREFERS_STRING_CATALOGS = YES;
				MTL_ENABLE_DEBUG_INFO = NO;
				MTL_FAST_MATH = YES;
				SDKROOT = iphoneos;
				SWIFT_COMPILATION_MODE = wholemodule;
				VALIDATE_PRODUCT = YES;
			};
			name = Release;
		};
		A25A90E22C29D552005C3DC2 /* Debug */ = {
			isa = XCBuildConfiguration;
			buildSettings = {
				ASSETCATALOG_COMPILER_APPICON_NAME = AppIcon;
				ASSETCATALOG_COMPILER_GLOBAL_ACCENT_COLOR_NAME = AccentColor;
				CODE_SIGN_STYLE = Automatic;
				CURRENT_PROJECT_VERSION = 1;
				DEVELOPMENT_TEAM = 7KU7CB5928;
				GENERATE_INFOPLIST_FILE = YES;
				INFOPLIST_FILE = LoremPicsum/Info.plist;
				INFOPLIST_KEY_UIApplicationSupportsIndirectInputEvents = YES;
				INFOPLIST_KEY_UILaunchStoryboardName = LaunchScreen;
				INFOPLIST_KEY_UISupportedInterfaceOrientations_iPad = "UIInterfaceOrientationPortrait UIInterfaceOrientationPortraitUpsideDown UIInterfaceOrientationLandscapeLeft UIInterfaceOrientationLandscapeRight";
				INFOPLIST_KEY_UISupportedInterfaceOrientations_iPhone = "UIInterfaceOrientationPortrait UIInterfaceOrientationLandscapeLeft UIInterfaceOrientationLandscapeRight";
				IPHONEOS_DEPLOYMENT_TARGET = 12.0;
				LD_RUNPATH_SEARCH_PATHS = (
					"$(inherited)",
					"@executable_path/Frameworks",
				);
				MARKETING_VERSION = 1.0;
				PRODUCT_BUNDLE_IDENTIFIER = com.ads.LoremPicsum;
				PRODUCT_NAME = "$(TARGET_NAME)";
				SWIFT_EMIT_LOC_STRINGS = YES;
				SWIFT_VERSION = 5.0;
				TARGETED_DEVICE_FAMILY = "1,2";
			};
			name = Debug;
		};
		A25A90E32C29D552005C3DC2 /* Release */ = {
			isa = XCBuildConfiguration;
			buildSettings = {
				ASSETCATALOG_COMPILER_APPICON_NAME = AppIcon;
				ASSETCATALOG_COMPILER_GLOBAL_ACCENT_COLOR_NAME = AccentColor;
				CODE_SIGN_STYLE = Automatic;
				CURRENT_PROJECT_VERSION = 1;
				DEVELOPMENT_TEAM = 7KU7CB5928;
				GENERATE_INFOPLIST_FILE = YES;
				INFOPLIST_FILE = LoremPicsum/Info.plist;
				INFOPLIST_KEY_UIApplicationSupportsIndirectInputEvents = YES;
				INFOPLIST_KEY_UILaunchStoryboardName = LaunchScreen;
				INFOPLIST_KEY_UISupportedInterfaceOrientations_iPad = "UIInterfaceOrientationPortrait UIInterfaceOrientationPortraitUpsideDown UIInterfaceOrientationLandscapeLeft UIInterfaceOrientationLandscapeRight";
				INFOPLIST_KEY_UISupportedInterfaceOrientations_iPhone = "UIInterfaceOrientationPortrait UIInterfaceOrientationLandscapeLeft UIInterfaceOrientationLandscapeRight";
				IPHONEOS_DEPLOYMENT_TARGET = 12.0;
				LD_RUNPATH_SEARCH_PATHS = (
					"$(inherited)",
					"@executable_path/Frameworks",
				);
				MARKETING_VERSION = 1.0;
				PRODUCT_BUNDLE_IDENTIFIER = com.ads.LoremPicsum;
				PRODUCT_NAME = "$(TARGET_NAME)";
				SWIFT_EMIT_LOC_STRINGS = YES;
				SWIFT_VERSION = 5.0;
				TARGETED_DEVICE_FAMILY = "1,2";
			};
			name = Release;
		};
/* End XCBuildConfiguration section */

/* Begin XCConfigurationList section */
		A25A90C82C29D550005C3DC2 /* Build configuration list for PBXProject "LoremPicsum" */ = {
			isa = XCConfigurationList;
			buildConfigurations = (
				A25A90DF2C29D552005C3DC2 /* Debug */,
				A25A90E02C29D552005C3DC2 /* Release */,
			);
			defaultConfigurationIsVisible = 0;
			defaultConfigurationName = Release;
		};
		A25A90E12C29D552005C3DC2 /* Build configuration list for PBXNativeTarget "LoremPicsum" */ = {
			isa = XCConfigurationList;
			buildConfigurations = (
				A25A90E22C29D552005C3DC2 /* Debug */,
				A25A90E32C29D552005C3DC2 /* Release */,
			);
			defaultConfigurationIsVisible = 0;
			defaultConfigurationName = Release;
		};
/* End XCConfigurationList section */
	};
	rootObject = A25A90C52C29D550005C3DC2 /* Project object */;
}
